{
    "_meta": {
        "hash": {
            "sha256": "6284e11390b58418654002590d3da9758bcd094c1ef62bdba07e508cc0186d7f"
        },
        "pipfile-spec": 6,
        "requires": {
            "python_version": "3.6"
        },
        "sources": [
            {
                "name": "pypi",
                "url": "https://pypi.org/simple",
                "verify_ssl": true
            }
        ]
    },
    "default": {
        "appdirs": {
            "hashes": [
                "sha256:9e5896d1372858f8dd3344faf4e5014d21849c756c8d5701f78f8a103b372d92",
                "sha256:d8b24664561d0d34ddfaec54636d502d7cea6e29c3eaf68f3df6180863e2166e"
            ],
            "version": "==1.4.3"
        },
        "args": {
            "hashes": [
                "sha256:a785b8d837625e9b61c39108532d95b85274acd679693b71ebb5156848fcf814"
            ],
            "version": "==0.1.0"
        },
        "astor": {
            "hashes": [
                "sha256:95c30d87a6c2cf89aa628b87398466840f0ad8652f88eb173125a6df8533fb8d",
                "sha256:fb503b9e2fdd05609fbf557b916b4a7824171203701660f0c55bbf5a7a68713e"
            ],
            "markers": "python_version >= '2.7' and python_version != '3.1.*' and python_version != '3.0.*' and python_version != '3.3.*' and python_version != '3.2.*'",
            "version": "==0.7.1"
        },
        "cachetools": {
            "hashes": [
                "sha256:90f1d559512fc073483fe573ef5ceb39bf6ad3d39edc98dc55178a2b2b176fa3",
                "sha256:d1c398969c478d336f767ba02040fa22617333293fb0b8968e79b16028dfee35"
            ],
            "version": "==2.1.0"
        },
        "certifi": {
            "hashes": [
                "sha256:13e698f54293db9f89122b0581843a782ad0934a4fe0172d2a980ba77fc61bb7",
                "sha256:9fa520c1bacfb634fa7af20a76bcbd3d5fb390481724c597da32c719a7dca4b0"
            ],
            "version": "==2018.4.16"
        },
        "chardet": {
            "hashes": [
                "sha256:84ab92ed1c4d4f16916e05906b6b75a6c0fb5db821cc65e70cbd64a3e2a5eaae",
                "sha256:fc323ffcaeaed0e0a02bf4d117757b98aed530d9ed4531e3e15460124c106691"
            ],
            "version": "==3.0.4"
        },
        "clint": {
            "hashes": [
                "sha256:05224c32b1075563d0b16d0015faaf9da43aa214e4a2140e51f08789e7a4c5aa"
            ],
            "version": "==0.5.1"
        },
        "funcparserlib": {
            "hashes": [
                "sha256:b7992eac1a3eb97b3d91faa342bfda0729e990bd8a43774c1592c091e563c91d"
            ],
            "version": "==0.3.6"
        },
        "future": {
            "hashes": [
                "sha256:e39ced1ab767b5936646cedba8bcce582398233d6a627067d4c6a454c90cfedb"
            ],
            "version": "==0.16.0"
        },
        "google-api-core": {
            "hashes": [
                "sha256:4f2a564322f8907721e72b54923512ec71bf588ef4503e0e8416cbf5daa16dd1",
                "sha256:ac85fc7f6687bb0271f2f70ca298da90f35789f9de1fe3a11e8caeb571332b77"
            ],
            "version": "==1.3.0"
        },
        "google-auth": {
            "hashes": [
                "sha256:9ca363facbf2622d9ba828017536ccca2e0f58bd15e659b52f312172f8815530",
                "sha256:a4cf9e803f2176b5de442763bd339b313d3f1ed3002e3e1eb6eec1d7c9bbc9b4"
            ],
            "version": "==1.5.1"
        },
        "google-cloud-texttospeech": {
            "hashes": [
                "sha256:19da656e725b2f7bc72d627af336dc92f46cdd5742b6a5bf7ec01031ed719124",
                "sha256:6064bc6e2761694b708878ff3d5902c6ce5eb44a770a921e7a99caf6c2533ae3"
            ],
            "index": "pypi",
            "version": "==0.2.0"
        },
        "googleapis-common-protos": {
            "hashes": [
                "sha256:c075eddaa2628ab519e01b7d75b76e66c40eaa50fc52758d8225f84708950ef2"
            ],
            "version": "==1.5.3"
        },
        "grpcio": {
            "hashes": [
                "sha256:0087fb171150b93ebe98763b94dcab071d1af289569d6d163166f38b31ab2fc6",
                "sha256:02349c8d4e33fa2d1f98b0493eeb517573cfdbbec6b1f20099e224bc3452ddab",
                "sha256:03b546c32b67735cad029a45dc5b5281f7038a00c2b1a097779893f635c2bf81",
                "sha256:19814e9e0cdc6ee4582fbb55ed178a35b4f5a8417096396628f8664b233441b8",
                "sha256:19841f07caaf3d0fb12ae906a2c23e177d1c3304bc526c8251db2e5d6f23b31f",
                "sha256:213da2a8df928eabb4723621b8e3b7ed52eb9c4e5d9bb14439723c1d9fa17a70",
                "sha256:22a64e6a43f5e536326cec78e85c141e283d9ff44887a662c8672c9ba80e091d",
                "sha256:334280c56a35453b8e7d636b3c8038bb979832ef6a620a475293a5f0d91ae208",
                "sha256:33fc815a8752ddc844579f9ff724855561701dc3d52851aa0483e81e2f796af8",
                "sha256:39ade6613e355dea85e69d8ce82447fee906f29b5603326e6ba8b44213f2611b",
                "sha256:3a3baa77bd1183e963766f57a70475b970c8b20462f77e497b6062197c134437",
                "sha256:435d6f91a583ae07776d92305c392ba4cfae39af8fce3fdbf8fa50b857f08f65",
                "sha256:4bf23666e763ca7ff6010465864e9f088f4ac7ecc1e11abd6f85b250e66b2c05",
                "sha256:4d95f832eb37f667186369182ccbd44dc163a8a81392576daaf3f039a139fdff",
                "sha256:50712917e24057acea00be61eeac430e8d6790b5944826d9b63c928ce336d685",
                "sha256:576c5edc856f6607818976055529be0f480c818f8fd09dff0e6c60e443d276c1",
                "sha256:57c1b34424c51c385a982a4faf8f9d97f30102ff1b0111971b0b5c1bd4b182fe",
                "sha256:6480da99906c8f7fb822179dba243de7dec2b0405302a9339cb6b6c597899ee1",
                "sha256:679f92ec9185b58f9d944caa9c2b843537143732b9e61e195c4c6a594e1cb60a",
                "sha256:6b5f34a1a1bde97f71058dd0ffe6c0d4432c944fa843a324879120f437d6bebd",
                "sha256:6e633d69ec2b0c5c9ecf92106523695175af33953535188d0e6a1abf98af3aa4",
                "sha256:78bcf7a7828b377f11f00d6146e3e56c529ebd016e2d8146ec4120cafa080839",
                "sha256:8054ff2be82cf08d416e9596cad18977c28cbe25e442c2513aa6fb33ada7cb19",
                "sha256:9122d053577fb36235733934680349a97af39d6f91675d16a2ff05d966095253",
                "sha256:ab7144bf2c8c13eae4f16a08ae8a9bc8d9eef514c41312a2e3d3a5d5aab900c4",
                "sha256:b18188e5bcebe4c3cacf8c174c5da05fc1da68aa99bf07e3b93a6570cbf8cf1c",
                "sha256:bbbd2a993747e312fba0d7b6497a2b5c403d67995e0c59218ffe35dabe1121ff",
                "sha256:c12ee6d554eac17b7b11b0baf97a31dde27e8ad5ebcfdc088fdff1118def62d7",
                "sha256:d7b83e630d8b4dfe0a0de64d390e0160b352415b5aa3da09115b2602a79da437",
                "sha256:d9e4b0dde1e74162ac57e3022a61ee80370c5c70414038166514c2a799995e1f",
                "sha256:f363852c617c7e15760acf0d20b7c6db8bc4507f1507dfa35e21e6610005a598",
                "sha256:f9bf9749f20757ccec8abce9f25666ae3bccfd747f9df2b83261942be982e3c7"
            ],
            "version": "==1.14.1"
        },
        "html2text": {
            "hashes": [
                "sha256:490db40fe5b2cd79c461cf56be4d39eb8ca68191ae41ba3ba79f6cb05b7dd662",
                "sha256:627514fb30e7566b37be6900df26c2c78a030cc9e6211bda604d8181233bcdd4"
            ],
            "index": "pypi",
            "version": "==2018.1.9"
        },
        "httplib2": {
            "hashes": [
                "sha256:e71daed9a0e6373642db61166fa70beecc9bf04383477f84671348c02a04cbdf"
            ],
            "version": "==0.11.3"
        },
        "hy": {
            "hashes": [
                "sha256:4ddd9aa6b1dbe8bcef5f10e87c6d3480a4106f59c30609474555e9e607944d82",
                "sha256:815eee8b58c3998a29b4316d3fb4011000b40999fdb8d38a0420d71856547f07"
            ],
            "index": "pypi",
            "version": "==0.15.0"
        },
        "idna": {
            "hashes": [
                "sha256:156a6814fb5ac1fc6850fb002e0852d56c0c8d2531923a51032d1b70760e186e",
                "sha256:684a38a6f903c1d71d6d5fac066b58d7768af4de2b832e426ec79c30daa94a16"
            ],
            "version": "==2.7"
        },
        "lxml": {
            "hashes": [
                "sha256:0b8f3d6e669ea26849a6184f04c7802dbef6fd418a8b90e6c026e237db07af31",
                "sha256:10c86b2248043f4428be33ed10202764b02b281eaa4550f16f0fbbc6ccaae9ac",
                "sha256:1f81074e77c25f9b787fa3854f400ca924d3d798cb7ae910c0e7920be7138c90",
                "sha256:3593f49858fc6229cd93326be06b099ae477fd65d8f4a981320a6d0bb7fc7a5a",
                "sha256:48ab0e79175fd16f9478edc679ee14c79524c64b26f665f92cbecff81312d04d",
                "sha256:52e18dd86f153c4383bb4c4ef62f81f9b7e44809d068848a5a183b2285496faf",
                "sha256:550a51dee73c14e5863bdbbbe5836b2b8092a3f92631b5a908b9c41e72f123a5",
                "sha256:567b76f291a8d02aa8b4d3f8295ae749ac4d532570d8a8c7176f0556c7d95891",
                "sha256:61825daaf2d80dc3da7635ee108720b0739962db008343822753bbf343cbfd14",
                "sha256:7030f44b758e930fd09ade87d770f5a231a19a8c561a3acc54e5122b5ec09e29",
                "sha256:824664493a012f5b70396e841a4b4049bdaf445a70307e60f82fe35619f72cc7",
                "sha256:88d137e440b5de35df2e0616da8e28a88d0119abdaa84520ad1ba815ee9da732",
                "sha256:8996df6b0f205b00b89bbd04d88f1fa1e04139a025fd291aa4ddd05dc86836f4",
                "sha256:9581b438e5d0d0a6fa3937fac2abffd95380bd513bcd39f6952bfcf20cf0b9a7",
                "sha256:99b7eabfb46663ed5918eca4ed12420613ba24196964a741ccd962d09296c0b2",
                "sha256:9f399c37b8e61c3989ef12ecf0abd9c10a5075f0fc9ad1ecd67ce6f9c72a7211",
                "sha256:a211288459c9115ddb255ff88e8ac12dc2063e70bddc15e3c65136477a358bb5",
                "sha256:a8ad0adeedbbb7b85916214fcd4f5d02829d0e7b3c32abc298789218b6c3d699",
                "sha256:b2ecb3fd5470b740dfc21b064bbc1337be4b7b805994a868488145d36f35f517",
                "sha256:b7f6ef610680709be11cb7662e46e254bc561dafe0de3b4848be2cf3924bd300",
                "sha256:c446fde3284c363cd2085ad1ce5a07c18f15f6766d72684622bc14b0a9ddfd29",
                "sha256:c4e02657e629f02ab8712471d77d6896c2cf6f09f8ffa6a0f23b1b1ef0318474",
                "sha256:d4507916c408feec2ea8cee3f0d1380e49ea431f6e07b0dd927388bd6e92d6eb",
                "sha256:d78c0a114cf127a41a526aef99aef539c0b2537e57f04a2cc7a49e2c94a44ab8",
                "sha256:d9ec728caddb161405e7c33ed9d176e96309893481370163bbf4b00e43008795",
                "sha256:e37eda3d05519918403084b43eb7324df21a0daf45c8ae8172a860710dd0fa78",
                "sha256:e908d685800626f10cd6ae01a013fc42094be167fb2a683eb920dfddfaa0ee76",
                "sha256:f7bc9f702500e205b1560d620f14015fec76dcd6f9e889a946a2ddcc3c344fd0"
            ],
            "version": "==4.0.0"
        },
        "oauth2": {
            "hashes": [
                "sha256:15b5c42301f46dd63113f1214b0d81a8b16254f65a86d3c32a1b52297f3266e6",
                "sha256:c006a85e7c60107c7cc6da1b184b5c719f6dd7202098196dfa6e55df669b59bf"
            ],
            "version": "==1.9.0.post1"
        },
        "protobuf": {
            "hashes": [
                "sha256:12985d9f40c104da2f44ec089449214876809b40fdc5d9e43b93b512b9e74056",
                "sha256:12c97fe27af12fc5d66b23f905ab09dd4fb0c68d5a74a419d914580e6d2e71e3",
                "sha256:327fb9d8a8247bc780b9ea7ed03c0643bc0d22c139b761c9ec1efc7cc3f0923e",
                "sha256:3895319db04c0b3baed74fb66be7ba9f4cd8e88a432b8e71032cdf08b2dfee23",
                "sha256:695072063e256d32335d48b9484451f7c7948edc3dbd419469d6a778602682fc",
                "sha256:7d786f3ef5b33a04e6538089674f244a3b0f588155016559d950989010af97d0",
                "sha256:8bf82bb7a466a54be7272dcb492f71d55a2453a58d862fb74c3f2083f2768543",
                "sha256:9bbc1ae1c33c1bd3a2fc05a3aec328544d2b039ff0ce6f000063628a32fad777",
                "sha256:9f1087abb67b34e55108bc610936b34363a7aac692023bcbb17e065c253a1f80",
                "sha256:9fefcb92a3784b446abf3641d9a14dad815bee88e0edd10b9a9e0e144d01a991",
                "sha256:a37836aa47d1b81c2db1a6b7a5e79926062b5d76bd962115a0e615551be2b48d",
                "sha256:cca22955443c55cf86f963a4ad7057bca95e4dcde84d6a493066d380cfab3bb0",
                "sha256:d7ac50bc06d31deb07ace6de85556c1d7330e5c0958f3b2af85037d6d1182abf",
                "sha256:dfe6899304b898538f4dc94fa0b281b56b70e40f58afa4c6f807805261cbe2e8"
            ],
            "version": "==3.6.0"
        },
        "pyasn1": {
            "hashes": [
                "sha256:b9d3abc5031e61927c82d4d96c1cec1e55676c1a991623cfed28faea73cdd7ca",
                "sha256:f58f2a3d12fd754aa123e9fa74fb7345333000a035f3921dbdaa08597aa53137"
            ],
            "version": "==0.4.4"
        },
        "pyasn1-modules": {
            "hashes": [
                "sha256:a0cf3e1842e7c60fde97cb22d275eb6f9524f5c5250489e292529de841417547",
                "sha256:a38a8811ea784c0136abfdba73963876328f66172db21a05a82f9515909bfb4e"
            ],
            "version": "==0.2.2"
        },
        "pydub": {
            "hashes": [
                "sha256:20beff39e9959a3b2cb4392802aecb9b2417837fff635d2b00b5ef5f5326d313",
                "sha256:b17c5b01a94bb6c50e3e4ff1953d61919b156e774182038d92389215976bd6a1"
            ],
            "index": "pypi",
            "version": "==0.22.1"
        },
        "pyinstapaper": {
            "hashes": [
                "sha256:1048b29bc6a7160b433770267edc7d921908abe7d753e58975609f89f9db4aa1",
                "sha256:9ead3390fff8d877e817d4dd3dacffe104c512e6b473bb75c14e5226bdfa52f2"
            ],
            "index": "pypi",
            "version": "==0.2.2"
        },
        "pytz": {
            "hashes": [
                "sha256:a061aa0a9e06881eb8b3b2b43f05b9439d6583c206d0a6c340ff72a7b6669053",
                "sha256:ffb9ef1de172603304d9d2819af6f5ece76f2e85ec10692a524dd876e72bf277"
            ],
            "version": "==2018.5"
        },
        "requests": {
            "hashes": [
                "sha256:63b52e3c866428a224f97cab011de738c36aec0185aa91cfacd418b5d58911d1",
                "sha256:ec22d826a36ed72a7358ff3fe56cbd4ba69dd7a6718ffd450ff0e9df7a47ce6a"
            ],
            "version": "==2.19.1"
        },
        "rply": {
            "hashes": [
                "sha256:083edc71214ecaa7f2e3c6e60c11cc1aeb8f99d7a31bafcbd79886b5b7f98137",
                "sha256:ab443c6c90539ec4d720da3023ab7a5e38e9222c8765a45f759d06df3564dda9"
            ],
            "version": "==0.7.6"
        },
        "rsa": {
            "hashes": [
                "sha256:25df4e10c263fb88b5ace923dd84bf9aa7f5019687b5e55382ffcdb8bede9db5",
                "sha256:43f682fea81c452c98d09fc316aae12de6d30c4b5c84226642cf8f8fd1c93abd"
            ],
            "version": "==3.4.2"
        },
        "six": {
            "hashes": [
                "sha256:70e8a77beed4562e7f14fe23a786b54f6296e34344c23bc42f07b15018ff98e9",
                "sha256:832dc0e10feb1aa2c68dcc57dbb658f1c7e65b9b61af69048abc87a2db00a0eb"
            ],
            "version": "==1.11.0"
        },
        "urllib3": {
            "hashes": [
                "sha256:a68ac5e15e76e7e5dd2b8f94007233e01effe3e50e8daddf69acfd81cb686baf",
                "sha256:b5725a0bd4ba422ab0e66e89e030c806576753ea3ee08554382c14e685d117b5"
            ],
            "markers": "python_version < '4' and python_version != '3.1.*' and python_version != '3.0.*' and python_version != '3.3.*' and python_version != '3.2.*' and python_version >= '2.6'",
            "version": "==1.23"
        }
    },
    "develop": {}
}
